
Microsoft Visual Studio Solution File, Format Version 12.00
# Visual Studio for Mac
Project("{FAE04EC0-301F-11D3-BF4B-00C04F79EFBC}") = "Assembly-CSharp", "Assembly-CSharp.csproj", "{160BD9B5-06BD-3269-24BA-35B1D72077F9}"
EndProject
Global
	GlobalSection(SolutionConfigurationPlatforms) = preSolution
		Debug|Any CPU = Debug|Any CPU
		Release|Any CPU = Release|Any CPU
	EndGlobalSection
	GlobalSection(ProjectConfigurationPlatforms) = postSolution
		{160BD9B5-06BD-3269-24BA-35B1D72077F9}.Debug|Any CPU.ActiveCfg = Debug|Any CPU
		{160BD9B5-06BD-3269-24BA-35B1D72077F9}.Debug|Any CPU.Build.0 = Debug|Any CPU
		{160BD9B5-06BD-3269-24BA-35B1D72077F9}.Release|Any CPU.ActiveCfg = Release|Any CPU
		{160BD9B5-06BD-3269-24BA-35B1D72077F9}.Release|Any CPU.Build.0 = Release|Any CPU
	EndGlobalSection
	GlobalSection(SolutionProperties) = preSolution
		HideSolutionNode = FALSE
	EndGlobalSection
EndGlobal
